
Microsoft Visual Studio Solution File, Format Version 12.00
# Visual Studio Version 17
VisualStudioVersion = 17.14.37027.9
MinimumVisualStudioVersion = 10.0.40219.1
Project("{FAE04EC0-301F-11D3-BF4B-00C04F79EFBC}") = "SmartGrid", "SmartGrid.csproj", "{1E6EDB11-3282-3536-F96A-A3D688117C30}"
EndProject
Project("{FAE04EC0-301F-11D3-BF4B-00C04F79EFBC}") = "SmartGrid.Tests", "..\Smartgrid.Tests\SmartGrid.Tests.csproj", "{364490F8-BF17-4A04-BB5D-AD348CAA75A0}"
	ProjectSection(ProjectDependencies) = postProject
		{1E6EDB11-3282-3536-F96A-A3D688117C30} = {1E6EDB11-3282-3536-F96A-A3D688117C30}
	EndProjectSection
EndProject
Global
	GlobalSection(SolutionConfigurationPlatforms) = preSolution
		Debug|Any CPU = Debug|Any CPU
		Release|Any CPU = Release|Any CPU
	EndGlobalSection
	GlobalSection(ProjectConfigurationPlatforms) = postSolution
		{1E6EDB11-3282-3536-F96A-A3D688117C30}.Debug|Any CPU.ActiveCfg = Debug|Any CPU
		{1E6EDB11-3282-3536-F96A-A3D688117C30}.Debug|Any CPU.Build.0 = Debug|Any CPU
		{1E6EDB11-3282-3536-F96A-A3D688117C30}.Release|Any CPU.ActiveCfg = Release|Any CPU
		{1E6EDB11-3282-3536-F96A-A3D688117C30}.Release|Any CPU.Build.0 = Release|Any CPU
		{364490F8-BF17-4A04-BB5D-AD348CAA75A0}.Debug|Any CPU.ActiveCfg = Debug|Any CPU
		{364490F8-BF17-4A04-BB5D-AD348CAA75A0}.Debug|Any CPU.Build.0 = Debug|Any CPU
		{364490F8-BF17-4A04-BB5D-AD348CAA75A0}.Release|Any CPU.ActiveCfg = Release|Any CPU
		{364490F8-BF17-4A04-BB5D-AD348CAA75A0}.Release|Any CPU.Build.0 = Release|Any CPU
	EndGlobalSection
	GlobalSection(SolutionProperties) = preSolution
		HideSolutionNode = FALSE
	EndGlobalSection
	GlobalSection(ExtensibilityGlobals) = postSolution
		SolutionGuid = {69C49782-EFF0-4347-AA03-60B6910D55B7}
	EndGlobalSection
EndGlobal
